
Microsoft Visual Studio Solution File, Format Version 12.00
# Visual Studio Version 17
VisualStudioVersion = 17.11.35312.102
MinimumVisualStudioVersion = 10.0.40219.1
Project("{2150E333-8FDC-42A3-9474-1A3956D46DE8}") = "Solution Items", "Solution Items", "{3D54A367-2F5F-4C29-80DB-28F2A505C57A}"
	ProjectSection(SolutionItems) = preProject
		.gitattributes = .gitattributes
		.gitignore = .gitignore
		limpar-bin-obj.bat = limpar-bin-obj.bat
		readme.md = readme.md
	EndProjectSection
EndProject
Project("{2150E333-8FDC-42A3-9474-1A3956D46DE8}") = "1- Dominio", "1- Dominio", "{9793FA7F-9189-4871-B97A-DDC38CFFF16F}"
EndProject
Project("{2150E333-8FDC-42A3-9474-1A3956D46DE8}") = "2- Infra", "2- Infra", "{2014A0C5-BE53-44C1-8FF3-5A8C75483A89}"
EndProject
Project("{2150E333-8FDC-42A3-9474-1A3956D46DE8}") = "3- Aplicacao", "3- Aplicacao", "{3908F5FE-3168-49D0-9FDE-A38E09305E9C}"
EndProject
Project("{2150E333-8FDC-42A3-9474-1A3956D46DE8}") = "4- Apresentacao", "4- Apresentacao", "{D940D489-2C93-4259-85F4-83EB9DA386CC}"
EndProject
Project("{9A19103F-16F7-4668-BE54-9A1E7A4F7556}") = "Hackaton.Api", "src\Hackaton.Api\Hackaton.Api.csproj", "{8861A1F1-75BD-4447-8B12-EAE5A52616E5}"
EndProject
Project("{FAE04EC0-301F-11D3-BF4B-00C04F79EFBC}") = "Hackaton.Web", "src\Hackaton.Web\Hackaton.Web.csproj", "{B89B5721-EA95-4FA9-A7CE-730E645C201A}"
EndProject
Project("{FAE04EC0-301F-11D3-BF4B-00C04F79EFBC}") = "Domain", "src\Domain\Domain.csproj", "{D64A55B2-F02D-4CB3-BA92-8DCD5AA5EB7C}"
EndProject
Project("{2150E333-8FDC-42A3-9474-1A3956D46DE8}") = "Data", "Data", "{B63511E7-031E-4C22-A86B-F020BD5CD901}"
EndProject
Project("{FAE04EC0-301F-11D3-BF4B-00C04F79EFBC}") = "Infra.Data", "src\Infra.Data\Infra.Data.csproj", "{98D58F89-E29B-450E-B332-865B9501DE6C}"
EndProject
Project("{2150E333-8FDC-42A3-9474-1A3956D46DE8}") = "DatabaseInitializers", "DatabaseInitializers", "{07254644-DD75-40CA-8F60-BFD0F4B3703A}"
EndProject
Project("{FAE04EC0-301F-11D3-BF4B-00C04F79EFBC}") = "Infra.DatabaseInitializers", "src\Infra.DatabaseInitializers\Infra.DatabaseInitializers.csproj", "{371ECC93-2B03-4053-9C7C-E20BC2223905}"
EndProject
Project("{2150E333-8FDC-42A3-9474-1A3956D46DE8}") = "IoC", "IoC", "{8CB03C8F-2192-4FAB-8477-1E6FAA29FDC3}"
EndProject
Project("{FAE04EC0-301F-11D3-BF4B-00C04F79EFBC}") = "Infra.IoC", "src\Infra.IoC\Infra.IoC.csproj", "{77377DE2-FC3E-4155-A2C8-89032E3FB599}"
EndProject
Project("{FAE04EC0-301F-11D3-BF4B-00C04F79EFBC}") = "Application", "src\Application\Application.csproj", "{746C59FF-031D-4360-AECE-4FC83A9B6B01}"
EndProject
Project("{2150E333-8FDC-42A3-9474-1A3956D46DE8}") = "5 - Teste", "5 - Teste", "{CE0644CB-C0D8-4816-898B-4CD21C100E45}"
EndProject
Project("{FAE04EC0-301F-11D3-BF4B-00C04F79EFBC}") = "Hackaton.UnitTest", "tests\Hackaton.UnitTest\Hackaton.UnitTest.csproj", "{ACC05544-A23B-4093-AF80-9F253CE7AD12}"
EndProject
Project("{2150E333-8FDC-42A3-9474-1A3956D46DE8}") = "6 - Docker", "6 - Docker", "{02EA681E-C7D8-13C7-8484-4AC65E1B71E8}"
EndProject
Project("{2150E333-8FDC-42A3-9474-1A3956D46DE8}") = "7 - k8s", "7 - k8s", "{F682EBBC-E8C0-4A32-B426-64673718DA19}"
EndProject
Project("{2150E333-8FDC-42A3-9474-1A3956D46DE8}") = "8 - CI_CD", "8 - CI_CD", "{1761A78C-1C1F-45E3-B968-60F07741FFE1}"
	ProjectSection(SolutionItems) = preProject
		.github\workflows\ci_cd.yml = .github\workflows\ci_cd.yml
	EndProjectSection
EndProject
Project("{2150E333-8FDC-42A3-9474-1A3956D46DE8}") = "9 - Grafana", "9 - Grafana", "{98713A6A-BCB8-4BD2-8659-91C13B1F6E0C}"
	ProjectSection(SolutionItems) = preProject
		Dashboard Model Grafana.json = Dashboard Model Grafana.json
	EndProjectSection
EndProject
Global
	GlobalSection(SolutionConfigurationPlatforms) = preSolution
		Debug|Any CPU = Debug|Any CPU
		Release|Any CPU = Release|Any CPU
	EndGlobalSection
	GlobalSection(ProjectConfigurationPlatforms) = postSolution
		{8861A1F1-75BD-4447-8B12-EAE5A52616E5}.Debug|Any CPU.ActiveCfg = Debug|Any CPU
		{8861A1F1-75BD-4447-8B12-EAE5A52616E5}.Debug|Any CPU.Build.0 = Debug|Any CPU
		{8861A1F1-75BD-4447-8B12-EAE5A52616E5}.Release|Any CPU.ActiveCfg = Release|Any CPU
		{8861A1F1-75BD-4447-8B12-EAE5A52616E5}.Release|Any CPU.Build.0 = Release|Any CPU
		{B89B5721-EA95-4FA9-A7CE-730E645C201A}.Debug|Any CPU.ActiveCfg = Debug|Any CPU
		{B89B5721-EA95-4FA9-A7CE-730E645C201A}.Debug|Any CPU.Build.0 = Debug|Any CPU
		{B89B5721-EA95-4FA9-A7CE-730E645C201A}.Release|Any CPU.ActiveCfg = Release|Any CPU
		{B89B5721-EA95-4FA9-A7CE-730E645C201A}.Release|Any CPU.Build.0 = Release|Any CPU
		{D64A55B2-F02D-4CB3-BA92-8DCD5AA5EB7C}.Debug|Any CPU.ActiveCfg = Debug|Any CPU
		{D64A55B2-F02D-4CB3-BA92-8DCD5AA5EB7C}.Debug|Any CPU.Build.0 = Debug|Any CPU
		{D64A55B2-F02D-4CB3-BA92-8DCD5AA5EB7C}.Release|Any CPU.ActiveCfg = Release|Any CPU
		{D64A55B2-F02D-4CB3-BA92-8DCD5AA5EB7C}.Release|Any CPU.Build.0 = Release|Any CPU
		{98D58F89-E29B-450E-B332-865B9501DE6C}.Debug|Any CPU.ActiveCfg = Debug|Any CPU
		{98D58F89-E29B-450E-B332-865B9501DE6C}.Debug|Any CPU.Build.0 = Debug|Any CPU
		{98D58F89-E29B-450E-B332-865B9501DE6C}.Release|Any CPU.ActiveCfg = Release|Any CPU
		{98D58F89-E29B-450E-B332-865B9501DE6C}.Release|Any CPU.Build.0 = Release|Any CPU
		{371ECC93-2B03-4053-9C7C-E20BC2223905}.Debug|Any CPU.ActiveCfg = Debug|Any CPU
		{371ECC93-2B03-4053-9C7C-E20BC2223905}.Debug|Any CPU.Build.0 = Debug|Any CPU
		{371ECC93-2B03-4053-9C7C-E20BC2223905}.Release|Any CPU.ActiveCfg = Release|Any CPU
		{371ECC93-2B03-4053-9C7C-E20BC2223905}.Release|Any CPU.Build.0 = Release|Any CPU
		{77377DE2-FC3E-4155-A2C8-89032E3FB599}.Debug|Any CPU.ActiveCfg = Debug|Any CPU
		{77377DE2-FC3E-4155-A2C8-89032E3FB599}.Debug|Any CPU.Build.0 = Debug|Any CPU
		{77377DE2-FC3E-4155-A2C8-89032E3FB599}.Release|Any CPU.ActiveCfg = Release|Any CPU
		{77377DE2-FC3E-4155-A2C8-89032E3FB599}.Release|Any CPU.Build.0 = Release|Any CPU
		{746C59FF-031D-4360-AECE-4FC83A9B6B01}.Debug|Any CPU.ActiveCfg = Debug|Any CPU
		{746C59FF-031D-4360-AECE-4FC83A9B6B01}.Debug|Any CPU.Build.0 = Debug|Any CPU
		{746C59FF-031D-4360-AECE-4FC83A9B6B01}.Release|Any CPU.ActiveCfg = Release|Any CPU
		{746C59FF-031D-4360-AECE-4FC83A9B6B01}.Release|Any CPU.Build.0 = Release|Any CPU
		{ACC05544-A23B-4093-AF80-9F253CE7AD12}.Debug|Any CPU.ActiveCfg = Debug|Any CPU
		{ACC05544-A23B-4093-AF80-9F253CE7AD12}.Debug|Any CPU.Build.0 = Debug|Any CPU
		{ACC05544-A23B-4093-AF80-9F253CE7AD12}.Release|Any CPU.ActiveCfg = Release|Any CPU
		{ACC05544-A23B-4093-AF80-9F253CE7AD12}.Release|Any CPU.Build.0 = Release|Any CPU
	EndGlobalSection
	GlobalSection(SolutionProperties) = preSolution
		HideSolutionNode = FALSE
	EndGlobalSection
	GlobalSection(NestedProjects) = preSolution
		{8861A1F1-75BD-4447-8B12-EAE5A52616E5} = {D940D489-2C93-4259-85F4-83EB9DA386CC}
		{B89B5721-EA95-4FA9-A7CE-730E645C201A} = {D940D489-2C93-4259-85F4-83EB9DA386CC}
		{D64A55B2-F02D-4CB3-BA92-8DCD5AA5EB7C} = {9793FA7F-9189-4871-B97A-DDC38CFFF16F}
		{B63511E7-031E-4C22-A86B-F020BD5CD901} = {2014A0C5-BE53-44C1-8FF3-5A8C75483A89}
		{98D58F89-E29B-450E-B332-865B9501DE6C} = {B63511E7-031E-4C22-A86B-F020BD5CD901}
		{07254644-DD75-40CA-8F60-BFD0F4B3703A} = {2014A0C5-BE53-44C1-8FF3-5A8C75483A89}
		{371ECC93-2B03-4053-9C7C-E20BC2223905} = {07254644-DD75-40CA-8F60-BFD0F4B3703A}
		{8CB03C8F-2192-4FAB-8477-1E6FAA29FDC3} = {2014A0C5-BE53-44C1-8FF3-5A8C75483A89}
		{77377DE2-FC3E-4155-A2C8-89032E3FB599} = {8CB03C8F-2192-4FAB-8477-1E6FAA29FDC3}
		{746C59FF-031D-4360-AECE-4FC83A9B6B01} = {3908F5FE-3168-49D0-9FDE-A38E09305E9C}
		{ACC05544-A23B-4093-AF80-9F253CE7AD12} = {CE0644CB-C0D8-4816-898B-4CD21C100E45}
	EndGlobalSection
	GlobalSection(ExtensibilityGlobals) = postSolution
		SolutionGuid = {E42251A9-B6D2-45EF-B58B-DA406C96CBAA}
	EndGlobalSection
EndGlobal
